// !$*UTF8*$!
{
	archiveVersion = 1;
	classes = {
	};
	objectVersion = 56;
	objects = {

/* Begin PBXBuildFile section */
		D533D8A628D19E7000C0C55F /* Secrets.plist in Resources */ = {isa = PBXBuildFile; fileRef = D533D8A528D19E7000C0C55F /* Secrets.plist */; };
		D5A5D23C28D0E1BF0006A69C /* MovieAppApp.swift in Sources */ = {isa = PBXBuildFile; fileRef = D5A5D23B28D0E1BF0006A69C /* MovieAppApp.swift */; };
		D5A5D23E28D0E1BF0006A69C /* ContentView.swift in Sources */ = {isa = PBXBuildFile; fileRef = D5A5D23D28D0E1BF0006A69C /* ContentView.swift */; };
		D5A5D24028D0E1C00006A69C /* Assets.xcassets in Resources */ = {isa = PBXBuildFile; fileRef = D5A5D23F28D0E1C00006A69C /* Assets.xcassets */; };
		D5A5D24328D0E1C00006A69C /* Preview Assets.xcassets in Resources */ = {isa = PBXBuildFile; fileRef = D5A5D24228D0E1C00006A69C /* Preview Assets.xcassets */; };
		D5A5D24D28D0E2410006A69C /* APIError.swift in Sources */ = {isa = PBXBuildFile; fileRef = D5A5D24C28D0E2410006A69C /* APIError.swift */; };
		D5A5D24F28D0E2590006A69C /* EndPoint.swift in Sources */ = {isa = PBXBuildFile; fileRef = D5A5D24E28D0E2590006A69C /* EndPoint.swift */; };
		D5A5D25128D0E26F0006A69C /* MovieClient.swift in Sources */ = {isa = PBXBuildFile; fileRef = D5A5D25028D0E26F0006A69C /* MovieClient.swift */; };
		D5A5D25328D0E2860006A69C /* MovieFeed.swift in Sources */ = {isa = PBXBuildFile; fileRef = D5A5D25228D0E2860006A69C /* MovieFeed.swift */; };
		D5A5D25528D0E2AE0006A69C /* MovieFeedResult.swift in Sources */ = {isa = PBXBuildFile; fileRef = D5A5D25428D0E2AE0006A69C /* MovieFeedResult.swift */; };
		D5A5D25728D0E2D60006A69C /* MoviesProvider.swift in Sources */ = {isa = PBXBuildFile; fileRef = D5A5D25628D0E2D60006A69C /* MoviesProvider.swift */; };
		D5A5D25928D0E2ED0006A69C /* Movie.swift in Sources */ = {isa = PBXBuildFile; fileRef = D5A5D25828D0E2ED0006A69C /* Movie.swift */; };
		D5A5D25B28D0E31B0006A69C /* MovieRow.swift in Sources */ = {isa = PBXBuildFile; fileRef = D5A5D25A28D0E31B0006A69C /* MovieRow.swift */; };
		D5A5D25D28D0E3B40006A69C /* ImageViewLoader.swift in Sources */ = {isa = PBXBuildFile; fileRef = D5A5D25C28D0E3B40006A69C /* ImageViewLoader.swift */; };
		D5A5D25F28D0E3DB0006A69C /* ImageLoader.swift in Sources */ = {isa = PBXBuildFile; fileRef = D5A5D25E28D0E3DB0006A69C /* ImageLoader.swift */; };
/* End PBXBuildFile section */

/* Begin PBXFileReference section */
		D533D8A528D19E7000C0C55F /* Secrets.plist */ = {isa = PBXFileReference; lastKnownFileType = text.plist.xml; path = Secrets.plist; sourceTree = "<group>"; };
		D5A5D23828D0E1BF0006A69C /* MovieApp.app */ = {isa = PBXFileReference; explicitFileType = wrapper.application; includeInIndex = 0; path = MovieApp.app; sourceTree = BUILT_PRODUCTS_DIR; };
		D5A5D23B28D0E1BF0006A69C /* MovieAppApp.swift */ = {isa = PBXFileReference; lastKnownFileType = sourcecode.swift; path = MovieAppApp.swift; sourceTree = "<group>"; };
		D5A5D23D28D0E1BF0006A69C /* ContentView.swift */ = {isa = PBXFileReference; lastKnownFileType = sourcecode.swift; path = ContentView.swift; sourceTree = "<group>"; };
		D5A5D23F28D0E1C00006A69C /* Assets.xcassets */ = {isa = PBXFileReference; lastKnownFileType = folder.assetcatalog; path = Assets.xcassets; sourceTree = "<group>"; };
		D5A5D24228D0E1C00006A69C /* Preview Assets.xcassets */ = {isa = PBXFileReference; lastKnownFileType = folder.assetcatalog; path = "Preview Assets.xcassets"; sourceTree = "<group>"; };
		D5A5D24C28D0E2410006A69C /* APIError.swift */ = {isa = PBXFileReference; lastKnownFileType = sourcecode.swift; path = APIError.swift; sourceTree = "<group>"; };
		D5A5D24E28D0E2590006A69C /* EndPoint.swift */ = {isa = PBXFileReference; lastKnownFileType = sourcecode.swift; path = EndPoint.swift; sourceTree = "<group>"; };
		D5A5D25028D0E26F0006A69C /* MovieClient.swift */ = {isa = PBXFileReference; lastKnownFileType = sourcecode.swift; path = MovieClient.swift; sourceTree = "<group>"; };
		D5A5D25228D0E2860006A69C /* MovieFeed.swift */ = {isa = PBXFileReference; lastKnownFileType = sourcecode.swift; path = MovieFeed.swift; sourceTree = "<group>"; };
		D5A5D25428D0E2AE0006A69C /* MovieFeedResult.swift */ = {isa = PBXFileReference; lastKnownFileType = sourcecode.swift; path = MovieFeedResult.swift; sourceTree = "<group>"; };
		D5A5D25628D0E2D60006A69C /* MoviesProvider.swift */ = {isa = PBXFileReference; lastKnownFileType = sourcecode.swift; path = MoviesProvider.swift; sourceTree = "<group>"; };
		D5A5D25828D0E2ED0006A69C /* Movie.swift */ = {isa = PBXFileReference; lastKnownFileType = sourcecode.swift; path = Movie.swift; sourceTree = "<group>"; };
		D5A5D25A28D0E31B0006A69C /* MovieRow.swift */ = {isa = PBXFileReference; lastKnownFileType = sourcecode.swift; path = MovieRow.swift; sourceTree = "<group>"; };
		D5A5D25C28D0E3B40006A69C /* ImageViewLoader.swift */ = {isa = PBXFileReference; lastKnownFileType = sourcecode.swift; path = ImageViewLoader.swift; sourceTree = "<group>"; };
		D5A5D25E28D0E3DB0006A69C /* ImageLoader.swift */ = {isa = PBXFileReference; lastKnownFileType = sourcecode.swift; path = ImageLoader.swift; sourceTree = "<group>"; };
/* End PBXFileReference section */

/* Begin PBXFrameworksBuildPhase section */
		D5A5D23528D0E1BF0006A69C /* Frameworks */ = {
			isa = PBXFrameworksBuildPhase;
			buildActionMask = 2147483647;
			files = (
			);
			runOnlyForDeploymentPostprocessing = 0;
		};
/* End PBXFrameworksBuildPhase section */

/* Begin PBXGroup section */
		D533D8A428D19E4F00C0C55F /* Resources */ = {
			isa = PBXGroup;
			children = (
				D533D8A528D19E7000C0C55F /* Secrets.plist */,
			);
			path = Resources;
			sourceTree = "<group>";
		};
		D5A5D22F28D0E1BF0006A69C = {
			isa = PBXGroup;
			children = (
				D5A5D23A28D0E1BF0006A69C /* MovieApp */,
				D5A5D23928D0E1BF0006A69C /* Products */,
			);
			sourceTree = "<group>";
		};
		D5A5D23928D0E1BF0006A69C /* Products */ = {
			isa = PBXGroup;
			children = (
				D5A5D23828D0E1BF0006A69C /* MovieApp.app */,
			);
			name = Products;
			sourceTree = "<group>";
		};
		D5A5D23A28D0E1BF0006A69C /* MovieApp */ = {
			isa = PBXGroup;
			children = (
				D5A5D24928D0E2030006A69C /* Networking */,
				D5A5D24B28D0E2170006A69C /* Model */,
				D5A5D24A28D0E20D0006A69C /* View */,
				D533D8A428D19E4F00C0C55F /* Resources */,
				D5A5D23B28D0E1BF0006A69C /* MovieAppApp.swift */,
				D5A5D23F28D0E1C00006A69C /* Assets.xcassets */,
				D5A5D24128D0E1C00006A69C /* Preview Content */,
			);
			path = MovieApp;
			sourceTree = "<group>";
		};
		D5A5D24128D0E1C00006A69C /* Preview Content */ = {
			isa = PBXGroup;
			children = (
				D5A5D24228D0E1C00006A69C /* Preview Assets.xcassets */,
			);
			path = "Preview Content";
			sourceTree = "<group>";
		};
		D5A5D24928D0E2030006A69C /* Networking */ = {
			isa = PBXGroup;
			children = (
				D5A5D24C28D0E2410006A69C /* APIError.swift */,
				D5A5D24E28D0E2590006A69C /* EndPoint.swift */,
				D5A5D25028D0E26F0006A69C /* MovieClient.swift */,
				D5A5D25228D0E2860006A69C /* MovieFeed.swift */,
			);
			path = Networking;
			sourceTree = "<group>";
		};
		D5A5D24A28D0E20D0006A69C /* View */ = {
			isa = PBXGroup;
			children = (
				D5A5D23D28D0E1BF0006A69C /* ContentView.swift */,
				D5A5D25A28D0E31B0006A69C /* MovieRow.swift */,
				D5A5D25C28D0E3B40006A69C /* ImageViewLoader.swift */,
			);
			path = View;
			sourceTree = "<group>";
		};
		D5A5D24B28D0E2170006A69C /* Model */ = {
			isa = PBXGroup;
			children = (
				D5A5D25428D0E2AE0006A69C /* MovieFeedResult.swift */,
				D5A5D25628D0E2D60006A69C /* MoviesProvider.swift */,
				D5A5D25828D0E2ED0006A69C /* Movie.swift */,
				D5A5D25E28D0E3DB0006A69C /* ImageLoader.swift */,
			);
			path = Model;
			sourceTree = "<group>";
		};
/* End PBXGroup section */

/* Begin PBXNativeTarget section */
		D5A5D23728D0E1BF0006A69C /* MovieApp */ = {
			isa = PBXNativeTarget;
			buildConfigurationList = D5A5D24628D0E1C00006A69C /* Build configuration list for PBXNativeTarget "MovieApp" */;
			buildPhases = (
				D5A5D23428D0E1BF0006A69C /* Sources */,
				D5A5D23528D0E1BF0006A69C /* Frameworks */,
				D5A5D23628D0E1BF0006A69C /* Resources */,
			);
			buildRules = (
			);
			dependencies = (
			);
			name = MovieApp;
			productName = MovieApp;
			productReference = D5A5D23828D0E1BF0006A69C /* MovieApp.app */;
			productType = "com.apple.product-type.application";
		};
/* End PBXNativeTarget section */

/* Begin PBXProject section */
		D5A5D23028D0E1BF0006A69C /* Project object */ = {
			isa = PBXProject;
			attributes = {
				BuildIndependentTargetsInParallel = 1;
				LastSwiftUpdateCheck = 1400;
				LastUpgradeCheck = 1400;
				TargetAttributes = {
					D5A5D23728D0E1BF0006A69C = {
						CreatedOnToolsVersion = 14.0;
					};
				};
			};
			buildConfigurationList = D5A5D23328D0E1BF0006A69C /* Build configuration list for PBXProject "MovieApp" */;
			compatibilityVersion = "Xcode 14.0";
			developmentRegion = en;
			hasScannedForEncodings = 0;
			knownRegions = (
				en,
				Base,
			);
			mainGroup = D5A5D22F28D0E1BF0006A69C;
			productRefGroup = D5A5D23928D0E1BF0006A69C /* Products */;
			projectDirPath = "";
			projectRoot = "";
			targets = (
				D5A5D23728D0E1BF0006A69C /* MovieApp */,
			);
		};
/* End PBXProject section */

/* Begin PBXResourcesBuildPhase section */
		D5A5D23628D0E1BF0006A69C /* Resources */ = {
			isa = PBXResourcesBuildPhase;
			buildActionMask = 2147483647;
			files = (
				D5A5D24328D0E1C00006A69C /* Preview Assets.xcassets in Resources */,
				D533D8A628D19E7000C0C55F /* Secrets.plist in Resources */,
				D5A5D24028D0E1C00006A69C /* Assets.xcassets in Resources */,
			);
			runOnlyForDeploymentPostprocessing = 0;
		};
/* End PBXResourcesBuildPhase section */

/* Begin PBXSourcesBuildPhase section */
		D5A5D23428D0E1BF0006A69C /* Sources */ = {
			isa = PBXSourcesBuildPhase;
			buildActionMask = 2147483647;
			files = (
				D5A5D23E28D0E1BF0006A69C /* ContentView.swift in Sources */,
				D5A5D25B28D0E31B0006A69C /* MovieRow.swift in Sources */,
				D5A5D25F28D0E3DB0006A69C /* ImageLoader.swift in Sources */,
				D5A5D23C28D0E1BF0006A69C /* MovieAppApp.swift in Sources */,
				D5A5D25928D0E2ED0006A69C /* Movie.swift in Sources */,
				D5A5D25128D0E26F0006A69C /* MovieClient.swift in Sources */,
				D5A5D25528D0E2AE0006A69C /* MovieFeedResult.swift in Sources */,
				D5A5D24F28D0E2590006A69C /* EndPoint.swift in Sources */,
				D5A5D25728D0E2D60006A69C /* MoviesProvider.swift in Sources */,
				D5A5D25D28D0E3B40006A69C /* ImageViewLoader.swift in Sources */,
				D5A5D25328D0E2860006A69C /* MovieFeed.swift in Sources */,
				D5A5D24D28D0E2410006A69C /* APIError.swift in Sources */,
			);
			runOnlyForDeploymentPostprocessing = 0;
		};
/* End PBXSourcesBuildPhase section */

/* Begin XCBuildConfiguration section */
		D5A5D24428D0E1C00006A69C /* Debug */ = {
			isa = XCBuildConfiguration;
			buildSettings = {
				ALWAYS_SEARCH_USER_PATHS = NO;
				CLANG_ANALYZER_NONNULL = YES;
				CLANG_ANALYZER_NUMBER_OBJECT_CONVERSION = YES_AGGRESSIVE;
				CLANG_CXX_LANGUAGE_STANDARD = "gnu++20";
				CLANG_ENABLE_MODULES = YES;
				CLANG_ENABLE_OBJC_ARC = YES;
				CLANG_ENABLE_OBJC_WEAK = YES;
				CLANG_WARN_BLOCK_CAPTURE_AUTORELEASING = YES;
				CLANG_WARN_BOOL_CONVERSION = YES;
				CLANG_WARN_COMMA = YES;
				CLANG_WARN_CONSTANT_CONVERSION = YES;
				CLANG_WARN_DEPRECATED_OBJC_IMPLEMENTATIONS = YES;
				CLANG_WARN_DIRECT_OBJC_ISA_USAGE = YES_ERROR;
				CLANG_WARN_DOCUMENTATION_COMMENTS = YES;
				CLANG_WARN_EMPTY_BODY = YES;
				CLANG_WARN_ENUM_CONVERSION = YES;
				CLANG_WARN_INFINITE_RECURSION = YES;
				CLANG_WARN_INT_CONVERSION = YES;
				CLANG_WARN_NON_LITERAL_NULL_CONVERSION = YES;
				CLANG_WARN_OBJC_IMPLICIT_RETAIN_SELF = YES;
				CLANG_WARN_OBJC_LITERAL_CONVERSION = YES;
				CLANG_WARN_OBJC_ROOT_CLASS = YES_ERROR;
				CLANG_WARN_QUOTED_INCLUDE_IN_FRAMEWORK_HEADER = YES;
				CLANG_WARN_RANGE_LOOP_ANALYSIS = YES;
				CLANG_WARN_STRICT_PROTOTYPES = YES;
				CLANG_WARN_SUSPICIOUS_MOVE = YES;
				CLANG_WARN_UNGUARDED_AVAILABILITY = YES_AGGRESSIVE;
				CLANG_WARN_UNREACHABLE_CODE = YES;
				CLANG_WARN__DUPLICATE_METHOD_MATCH = YES;
				COPY_PHASE_STRIP = NO;
				DEBUG_INFORMATION_FORMAT = dwarf;
				ENABLE_STRICT_OBJC_MSGSEND = YES;
				ENABLE_TESTABILITY = YES;
				GCC_C_LANGUAGE_STANDARD = gnu11;
				GCC_DYNAMIC_NO_PIC = NO;
				GCC_NO_COMMON_BLOCKS = YES;
				GCC_OPTIMIZATION_LEVEL = 0;
				GCC_PREPROCESSOR_DEFINITIONS = (
					"DEBUG=1",
					"$(inherited)",
				);
				GCC_WARN_64_TO_32_BIT_CONVERSION = YES;
				GCC_WARN_ABOUT_RETURN_TYPE = YES_ERROR;
				GCC_WARN_UNDECLARED_SELECTOR = YES;
				GCC_WARN_UNINITIALIZED_AUTOS = YES_AGGRESSIVE;
				GCC_WARN_UNUSED_FUNCTION = YES;
				GCC_WARN_UNUSED_VARIABLE = YES;
				IPHONEOS_DEPLOYMENT_TARGET = 16.0;
				MTL_ENABLE_DEBUG_INFO = INCLUDE_SOURCE;
				MTL_FAST_MATH = YES;
				ONLY_ACTIVE_ARCH = YES;
				SDKROOT = iphoneos;
				SWIFT_ACTIVE_COMPILATION_CONDITIONS = DEBUG;
				SWIFT_OPTIMIZATION_LEVEL = "-Onone";
			};
			name = Debug;
		};
		D5A5D24528D0E1C00006A69C /* Release */ = {
			isa = XCBuildConfiguration;
			buildSettings = {
				ALWAYS_SEARCH_USER_PATHS = NO;
				CLANG_ANALYZER_NONNULL = YES;
				CLANG_ANALYZER_NUMBER_OBJECT_CONVERSION = YES_AGGRESSIVE;
				CLANG_CXX_LANGUAGE_STANDARD = "gnu++20";
				CLANG_ENABLE_MODULES = YES;
				CLANG_ENABLE_OBJC_ARC = YES;
				CLANG_ENABLE_OBJC_WEAK = YES;
				CLANG_WARN_BLOCK_CAPTURE_AUTORELEASING = YES;
				CLANG_WARN_BOOL_CONVERSION = YES;
				CLANG_WARN_COMMA = YES;
				CLANG_WARN_CONSTANT_CONVERSION = YES;
				CLANG_WARN_DEPRECATED_OBJC_IMPLEMENTATIONS = YES;
				CLANG_WARN_DIRECT_OBJC_ISA_USAGE = YES_ERROR;
				CLANG_WARN_DOCUMENTATION_COMMENTS = YES;
				CLANG_WARN_EMPTY_BODY = YES;
				CLANG_WARN_ENUM_CONVERSION = YES;
				CLANG_WARN_INFINITE_RECURSION = YES;
				CLANG_WARN_INT_CONVERSION = YES;
				CLANG_WARN_NON_LITERAL_NULL_CONVERSION = YES;
				CLANG_WARN_OBJC_IMPLICIT_RETAIN_SELF = YES;
				CLANG_WARN_OBJC_LITERAL_CONVERSION = YES;
				CLANG_WARN_OBJC_ROOT_CLASS = YES_ERROR;
				CLANG_WARN_QUOTED_INCLUDE_IN_FRAMEWORK_HEADER = YES;
				CLANG_WARN_RANGE_LOOP_ANALYSIS = YES;
				CLANG_WARN_STRICT_PROTOTYPES = YES;
				CLANG_WARN_SUSPICIOUS_MOVE = YES;
				CLANG_WARN_UNGUARDED_AVAILABILITY = YES_AGGRESSIVE;
				CLANG_WARN_UNREACHABLE_CODE = YES;
				CLANG_WARN__DUPLICATE_METHOD_MATCH = YES;
				COPY_PHASE_STRIP = NO;
				DEBUG_INFORMATION_FORMAT = "dwarf-with-dsym";
				ENABLE_NS_ASSERTIONS = NO;
				ENABLE_STRICT_OBJC_MSGSEND = YES;
				GCC_C_LANGUAGE_STANDARD = gnu11;
				GCC_NO_COMMON_BLOCKS = YES;
				GCC_WARN_64_TO_32_BIT_CONVERSION = YES;
				GCC_WARN_ABOUT_RETURN_TYPE = YES_ERROR;
				GCC_WARN_UNDECLARED_SELECTOR = YES;
				GCC_WARN_UNINITIALIZED_AUTOS = YES_AGGRESSIVE;
				GCC_WARN_UNUSED_FUNCTION = YES;
				GCC_WARN_UNUSED_VARIABLE = YES;
				IPHONEOS_DEPLOYMENT_TARGET = 16.0;
				MTL_ENABLE_DEBUG_INFO = NO;
				MTL_FAST_MATH = YES;
				SDKROOT = iphoneos;
				SWIFT_COMPILATION_MODE = wholemodule;
				SWIFT_OPTIMIZATION_LEVEL = "-O";
				VALIDATE_PRODUCT = YES;
			};
			name = Release;
		};
		D5A5D24728D0E1C00006A69C /* Debug */ = {
			isa = XCBuildConfiguration;
			buildSettings = {
				ASSETCATALOG_COMPILER_APPICON_NAME = AppIcon;
				ASSETCATALOG_COMPILER_GLOBAL_ACCENT_COLOR_NAME = AccentColor;
				CODE_SIGN_STYLE = Automatic;
				CURRENT_PROJECT_VERSION = 1;
				DEVELOPMENT_ASSET_PATHS = "\"MovieApp/Preview Content\"";
				DEVELOPMENT_TEAM = A947SBD283;
				ENABLE_PREVIEWS = YES;
				GENERATE_INFOPLIST_FILE = YES;
				INFOPLIST_KEY_UIApplicationSceneManifest_Generation = YES;
				INFOPLIST_KEY_UIApplicationSupportsIndirectInputEvents = YES;
				INFOPLIST_KEY_UILaunchScreen_Generation = YES;
				INFOPLIST_KEY_UISupportedInterfaceOrientations_iPad = "UIInterfaceOrientationPortrait UIInterfaceOrientationPortraitUpsideDown UIInterfaceOrientationLandscapeLeft UIInterfaceOrientationLandscapeRight";
				INFOPLIST_KEY_UISupportedInterfaceOrientations_iPhone = "UIInterfaceOrientationPortrait UIInterfaceOrientationLandscapeLeft UIInterfaceOrientationLandscapeRight";
				LD_RUNPATH_SEARCH_PATHS = (
					"$(inherited)",
					"@executable_path/Frameworks",
				);
				MARKETING_VERSION = 1.0;
				PRODUCT_BUNDLE_IDENTIFIER = com.MovieApp;
				PRODUCT_NAME = "$(TARGET_NAME)";
				SWIFT_EMIT_LOC_STRINGS = YES;
				SWIFT_VERSION = 5.0;
				TARGETED_DEVICE_FAMILY = "1,2";
			};
			name = Debug;
		};
		D5A5D24828D0E1C00006A69C /* Release */ = {
			isa = XCBuildConfiguration;
			buildSettings = {
				ASSETCATALOG_COMPILER_APPICON_NAME = AppIcon;
				ASSETCATALOG_COMPILER_GLOBAL_ACCENT_COLOR_NAME = AccentColor;
				CODE_SIGN_STYLE = Automatic;
				CURRENT_PROJECT_VERSION = 1;
				DEVELOPMENT_ASSET_PATHS = "\"MovieApp/Preview Content\"";
				DEVELOPMENT_TEAM = A947SBD283;
				ENABLE_PREVIEWS = YES;
				GENERATE_INFOPLIST_FILE = YES;
				INFOPLIST_KEY_UIApplicationSceneManifest_Generation = YES;
				INFOPLIST_KEY_UIApplicationSupportsIndirectInputEvents = YES;
				INFOPLIST_KEY_UILaunchScreen_Generation = YES;
				INFOPLIST_KEY_UISupportedInterfaceOrientations_iPad = "UIInterfaceOrientationPortrait UIInterfaceOrientationPortraitUpsideDown UIInterfaceOrientationLandscapeLeft UIInterfaceOrientationLandscapeRight";
				INFOPLIST_KEY_UISupportedInterfaceOrientations_iPhone = "UIInterfaceOrientationPortrait UIInterfaceOrientationLandscapeLeft UIInterfaceOrientationLandscapeRight";
				LD_RUNPATH_SEARCH_PATHS = (
					"$(inherited)",
					"@executable_path/Frameworks",
				);
				MARKETING_VERSION = 1.0;
				PRODUCT_BUNDLE_IDENTIFIER = com.MovieApp;
				PRODUCT_NAME = "$(TARGET_NAME)";
				SWIFT_EMIT_LOC_STRINGS = YES;
				SWIFT_VERSION = 5.0;
				TARGETED_DEVICE_FAMILY = "1,2";
			};
			name = Release;
		};
/* End XCBuildConfiguration section */

/* Begin XCConfigurationList section */
		D5A5D23328D0E1BF0006A69C /* Build configuration list for PBXProject "MovieApp" */ = {
			isa = XCConfigurationList;
			buildConfigurations = (
				D5A5D24428D0E1C00006A69C /* Debug */,
				D5A5D24528D0E1C00006A69C /* Release */,
			);
			defaultConfigurationIsVisible = 0;
			defaultConfigurationName = Release;
		};
		D5A5D24628D0E1C00006A69C /* Build configuration list for PBXNativeTarget "MovieApp" */ = {
			isa = XCConfigurationList;
			buildConfigurations = (
				D5A5D24728D0E1C00006A69C /* Debug */,
				D5A5D24828D0E1C00006A69C /* Release */,
			);
			defaultConfigurationIsVisible = 0;
			defaultConfigurationName = Release;
		};
/* End XCConfigurationList section */
	};
	rootObject = D5A5D23028D0E1BF0006A69C /* Project object */;
}
